{
  "originHash" : "e00817d6e74e9ce6917977746e50e45aa2df874077a1611d952afee23f9d06cd",
  "pins" : [
    {
      "identity" : "swiftxstate",
      "kind" : "remoteSourceControl",
      "location" : "https://github.com/gistya/SwiftXState",
      "state" : {
        "revision" : "99cdfc6e6e406d21fed5793ca0d6f58089b1939c",
        "version" : "1.0.0"
      }
    }
  ],
  "version" : 3
}
