{
  "originHash" : "c56db49d154f072f504464b8223c6bb309e1d2a75d35bb73f75bcd4023744eb9",
  "pins" : [
    {
      "identity" : "swift-compositional-init",
      "kind" : "remoteSourceControl",
      "location" : "https://github.com/gistya/swift-compositional-init",
      "state" : {
        "revision" : "2633ee5b9837df48031714e41912d8ca77183f18",
        "version" : "1.0.0"
      }
    },
    {
      "identity" : "swift-docc-plugin",
      "kind" : "remoteSourceControl",
      "location" : "https://github.com/swiftlang/swift-docc-plugin",
      "state" : {
        "revision" : "647c708be89f834fa6a6d4945442793a77ddf5b6",
        "version" : "1.5.0"
      }
    },
    {
      "identity" : "swift-docc-symbolkit",
      "kind" : "remoteSourceControl",
      "location" : "https://github.com/swiftlang/swift-docc-symbolkit",
      "state" : {
        "revision" : "b45d1f2ed151d057b54504d653e0da5552844e34",
        "version" : "1.0.0"
      }
    }
  ],
  "version" : 3
}
