{
  "originHash" : "e00817d6e74e9ce6917977746e50e45aa2df874077a1611d952afee23f9d06cd",
  "pins" : [
    {
      "identity" : "swiftxstate",
      "kind" : "remoteSourceControl",
      "location" : "https://github.com/gistya/SwiftXState",
      "state" : {
        "branch" : "swift-actor",
        "revision" : "5bebbda993324efd5b1c51769d386b2fdef7f40c"
      }
    }
  ],
  "version" : 3
}
