// !$*UTF8*$!
{
	archiveVersion = 1;
	classes = {
	};
	objectVersion = 77;
	objects = {

/* Begin PBXBuildFile section */
		731338B32FEAAB3800139AA5 /* SwiftXState in Frameworks */ = {isa = PBXBuildFile; productRef = 731338B22FEAAB3800139AA5 /* SwiftXState */; };
		731338B52FEAAB3800139AA5 /* SwiftXStateGraph in Frameworks */ = {isa = PBXBuildFile; productRef = 731338B42FEAAB3800139AA5 /* SwiftXStateGraph */; };
		731338B72FEAAB3800139AA5 /* SwiftXStateInspect in Frameworks */ = {isa = PBXBuildFile; productRef = 731338B62FEAAB3800139AA5 /* SwiftXStateInspect */; };
		731338B92FEAAB3800139AA5 /* SwiftXStateInspectURLSession in Frameworks */ = {isa = PBXBuildFile; productRef = 731338B82FEAAB3800139AA5 /* SwiftXStateInspectURLSession */; };
		731338BB2FEAAB3800139AA5 /* SwiftXStateInspectorCore in Frameworks */ = {isa = PBXBuildFile; productRef = 731338BA2FEAAB3800139AA5 /* SwiftXStateInspectorCore */; };
		731338BD2FEAAB3800139AA5 /* SwiftXStateInspectorUI in Frameworks */ = {isa = PBXBuildFile; productRef = 731338BC2FEAAB3800139AA5 /* SwiftXStateInspectorUI */; };
		731338BF2FEAAB3800139AA5 /* SwiftXStateSwiftData in Frameworks */ = {isa = PBXBuildFile; productRef = 731338BE2FEAAB3800139AA5 /* SwiftXStateSwiftData */; };
		731338C12FEAAB3800139AA5 /* SwiftXStateSwiftUI in Frameworks */ = {isa = PBXBuildFile; productRef = 731338C02FEAAB3800139AA5 /* SwiftXStateSwiftUI */; };
/* End PBXBuildFile section */

/* Begin PBXContainerItemProxy section */
		731338952FEAAA8900139AA5 /* PBXContainerItemProxy */ = {
			isa = PBXContainerItemProxy;
			containerPortal = 7313387D2FEAAA8800139AA5 /* Project object */;
			proxyType = 1;
			remoteGlobalIDString = 731338842FEAAA8800139AA5;
			remoteInfo = PlaygroundShell;
		};
		7313389F2FEAAA8900139AA5 /* PBXContainerItemProxy */ = {
			isa = PBXContainerItemProxy;
			containerPortal = 7313387D2FEAAA8800139AA5 /* Project object */;
			proxyType = 1;
			remoteGlobalIDString = 731338842FEAAA8800139AA5;
			remoteInfo = PlaygroundShell;
		};
/* End PBXContainerItemProxy section */

/* Begin PBXFileReference section */
		731338852FEAAA8800139AA5 /* PlaygroundShell.app */ = {isa = PBXFileReference; explicitFileType = wrapper.application; includeInIndex = 0; path = PlaygroundShell.app; sourceTree = BUILT_PRODUCTS_DIR; };
		731338942FEAAA8900139AA5 /* PlaygroundShellTests.xctest */ = {isa = PBXFileReference; explicitFileType = wrapper.cfbundle; includeInIndex = 0; path = PlaygroundShellTests.xctest; sourceTree = BUILT_PRODUCTS_DIR; };
		7313389E2FEAAA8900139AA5 /* PlaygroundShellUITests.xctest */ = {isa = PBXFileReference; explicitFileType = wrapper.cfbundle; includeInIndex = 0; path = PlaygroundShellUITests.xctest; sourceTree = BUILT_PRODUCTS_DIR; };
		731338C52FEAABF000139AA5 /* SwiftXStatePlayground.playground */ = {isa = PBXFileReference; lastKnownFileType = file.playground; path = SwiftXStatePlayground.playground; sourceTree = "<group>"; xcLanguageSpecificationIdentifier = xcode.lang.swift; };
/* End PBXFileReference section */

/* Begin PBXFileSystemSynchronizedRootGroup section */
		731338872FEAAA8800139AA5 /* PlaygroundShell */ = {
			isa = PBXFileSystemSynchronizedRootGroup;
			path = PlaygroundShell;
			sourceTree = "<group>";
		};
		731338972FEAAA8900139AA5 /* PlaygroundShellTests */ = {
			isa = PBXFileSystemSynchronizedRootGroup;
			path = PlaygroundShellTests;
			sourceTree = "<group>";
		};
		731338A12FEAAA8900139AA5 /* PlaygroundShellUITests */ = {
			isa = PBXFileSystemSynchronizedRootGroup;
			path = PlaygroundShellUITests;
			sourceTree = "<group>";
		};
/* End PBXFileSystemSynchronizedRootGroup section */

/* Begin PBXFrameworksBuildPhase section */
		731338822FEAAA8800139AA5 /* Frameworks */ = {
			isa = PBXFrameworksBuildPhase;
			buildActionMask = 2147483647;
			files = (
				731338B52FEAAB3800139AA5 /* SwiftXStateGraph in Frameworks */,
				731338B72FEAAB3800139AA5 /* SwiftXStateInspect in Frameworks */,
				731338BB2FEAAB3800139AA5 /* SwiftXStateInspectorCore in Frameworks */,
				731338C12FEAAB3800139AA5 /* SwiftXStateSwiftUI in Frameworks */,
				731338BD2FEAAB3800139AA5 /* SwiftXStateInspectorUI in Frameworks */,
				731338B32FEAAB3800139AA5 /* SwiftXState in Frameworks */,
				731338BF2FEAAB3800139AA5 /* SwiftXStateSwiftData in Frameworks */,
				731338B92FEAAB3800139AA5 /* SwiftXStateInspectURLSession in Frameworks */,
			);
			runOnlyForDeploymentPostprocessing = 0;
		};
		731338912FEAAA8900139AA5 /* Frameworks */ = {
			isa = PBXFrameworksBuildPhase;
			buildActionMask = 2147483647;
			files = (
			);
			runOnlyForDeploymentPostprocessing = 0;
		};
		7313389B2FEAAA8900139AA5 /* Frameworks */ = {
			isa = PBXFrameworksBuildPhase;
			buildActionMask = 2147483647;
			files = (
			);
			runOnlyForDeploymentPostprocessing = 0;
		};
/* End PBXFrameworksBuildPhase section */

/* Begin PBXGroup section */
		7313387C2FEAAA8800139AA5 = {
			isa = PBXGroup;
			children = (
				731338C52FEAABF000139AA5 /* SwiftXStatePlayground.playground */,
				731338872FEAAA8800139AA5 /* PlaygroundShell */,
				731338972FEAAA8900139AA5 /* PlaygroundShellTests */,
				731338A12FEAAA8900139AA5 /* PlaygroundShellUITests */,
				731338862FEAAA8800139AA5 /* Products */,
			);
			sourceTree = "<group>";
		};
		731338862FEAAA8800139AA5 /* Products */ = {
			isa = PBXGroup;
			children = (
				731338852FEAAA8800139AA5 /* PlaygroundShell.app */,
				731338942FEAAA8900139AA5 /* PlaygroundShellTests.xctest */,
				7313389E2FEAAA8900139AA5 /* PlaygroundShellUITests.xctest */,
			);
			name = Products;
			sourceTree = "<group>";
		};
/* End PBXGroup section */

/* Begin PBXNativeTarget section */
		731338842FEAAA8800139AA5 /* PlaygroundShell */ = {
			isa = PBXNativeTarget;
			buildConfigurationList = 731338A82FEAAA8900139AA5 /* Build configuration list for PBXNativeTarget "PlaygroundShell" */;
			buildPhases = (
				731338812FEAAA8800139AA5 /* Sources */,
				731338822FEAAA8800139AA5 /* Frameworks */,
				731338832FEAAA8800139AA5 /* Resources */,
			);
			buildRules = (
			);
			dependencies = (
			);
			fileSystemSynchronizedGroups = (
				731338872FEAAA8800139AA5 /* PlaygroundShell */,
			);
			name = PlaygroundShell;
			packageProductDependencies = (
				731338B22FEAAB3800139AA5 /* SwiftXState */,
				731338B42FEAAB3800139AA5 /* SwiftXStateGraph */,
				731338B62FEAAB3800139AA5 /* SwiftXStateInspect */,
				731338B82FEAAB3800139AA5 /* SwiftXStateInspectURLSession */,
				731338BA2FEAAB3800139AA5 /* SwiftXStateInspectorCore */,
				731338BC2FEAAB3800139AA5 /* SwiftXStateInspectorUI */,
				731338BE2FEAAB3800139AA5 /* SwiftXStateSwiftData */,
				731338C02FEAAB3800139AA5 /* SwiftXStateSwiftUI */,
			);
			productName = PlaygroundShell;
			productReference = 731338852FEAAA8800139AA5 /* PlaygroundShell.app */;
			productType = "com.apple.product-type.application";
		};
		731338932FEAAA8900139AA5 /* PlaygroundShellTests */ = {
			isa = PBXNativeTarget;
			buildConfigurationList = 731338AB2FEAAA8900139AA5 /* Build configuration list for PBXNativeTarget "PlaygroundShellTests" */;
			buildPhases = (
				731338902FEAAA8900139AA5 /* Sources */,
				731338912FEAAA8900139AA5 /* Frameworks */,
				731338922FEAAA8900139AA5 /* Resources */,
			);
			buildRules = (
			);
			dependencies = (
				731338962FEAAA8900139AA5 /* PBXTargetDependency */,
			);
			fileSystemSynchronizedGroups = (
				731338972FEAAA8900139AA5 /* PlaygroundShellTests */,
			);
			name = PlaygroundShellTests;
			packageProductDependencies = (
			);
			productName = PlaygroundShellTests;
			productReference = 731338942FEAAA8900139AA5 /* PlaygroundShellTests.xctest */;
			productType = "com.apple.product-type.bundle.unit-test";
		};
		7313389D2FEAAA8900139AA5 /* PlaygroundShellUITests */ = {
			isa = PBXNativeTarget;
			buildConfigurationList = 731338AE2FEAAA8900139AA5 /* Build configuration list for PBXNativeTarget "PlaygroundShellUITests" */;
			buildPhases = (
				7313389A2FEAAA8900139AA5 /* Sources */,
				7313389B2FEAAA8900139AA5 /* Frameworks */,
				7313389C2FEAAA8900139AA5 /* Resources */,
			);
			buildRules = (
			);
			dependencies = (
				731338A02FEAAA8900139AA5 /* PBXTargetDependency */,
			);
			fileSystemSynchronizedGroups = (
				731338A12FEAAA8900139AA5 /* PlaygroundShellUITests */,
			);
			name = PlaygroundShellUITests;
			packageProductDependencies = (
			);
			productName = PlaygroundShellUITests;
			productReference = 7313389E2FEAAA8900139AA5 /* PlaygroundShellUITests.xctest */;
			productType = "com.apple.product-type.bundle.ui-testing";
		};
/* End PBXNativeTarget section */

/* Begin PBXProject section */
		7313387D2FEAAA8800139AA5 /* Project object */ = {
			isa = PBXProject;
			attributes = {
				BuildIndependentTargetsInParallel = 1;
				LastSwiftUpdateCheck = 2630;
				LastUpgradeCheck = 2630;
				TargetAttributes = {
					731338842FEAAA8800139AA5 = {
						CreatedOnToolsVersion = 26.3;
					};
					731338932FEAAA8900139AA5 = {
						CreatedOnToolsVersion = 26.3;
						TestTargetID = 731338842FEAAA8800139AA5;
					};
					7313389D2FEAAA8900139AA5 = {
						CreatedOnToolsVersion = 26.3;
						TestTargetID = 731338842FEAAA8800139AA5;
					};
				};
			};
			buildConfigurationList = 731338802FEAAA8800139AA5 /* Build configuration list for PBXProject "PlaygroundShell" */;
			developmentRegion = en;
			hasScannedForEncodings = 0;
			knownRegions = (
				en,
				Base,
			);
			mainGroup = 7313387C2FEAAA8800139AA5;
			minimizedProjectReferenceProxies = 1;
			packageReferences = (
				731338B12FEAAB3800139AA5 /* XCLocalSwiftPackageReference "../../../SwiftXState" */,
			);
			preferredProjectObjectVersion = 77;
			productRefGroup = 731338862FEAAA8800139AA5 /* Products */;
			projectDirPath = "";
			projectRoot = "";
			targets = (
				731338842FEAAA8800139AA5 /* PlaygroundShell */,
				731338932FEAAA8900139AA5 /* PlaygroundShellTests */,
				7313389D2FEAAA8900139AA5 /* PlaygroundShellUITests */,
			);
		};
/* End PBXProject section */

/* Begin PBXResourcesBuildPhase section */
		731338832FEAAA8800139AA5 /* Resources */ = {
			isa = PBXResourcesBuildPhase;
			buildActionMask = 2147483647;
			files = (
			);
			runOnlyForDeploymentPostprocessing = 0;
		};
		731338922FEAAA8900139AA5 /* Resources */ = {
			isa = PBXResourcesBuildPhase;
			buildActionMask = 2147483647;
			files = (
			);
			runOnlyForDeploymentPostprocessing = 0;
		};
		7313389C2FEAAA8900139AA5 /* Resources */ = {
			isa = PBXResourcesBuildPhase;
			buildActionMask = 2147483647;
			files = (
			);
			runOnlyForDeploymentPostprocessing = 0;
		};
/* End PBXResourcesBuildPhase section */

/* Begin PBXSourcesBuildPhase section */
		731338812FEAAA8800139AA5 /* Sources */ = {
			isa = PBXSourcesBuildPhase;
			buildActionMask = 2147483647;
			files = (
			);
			runOnlyForDeploymentPostprocessing = 0;
		};
		731338902FEAAA8900139AA5 /* Sources */ = {
			isa = PBXSourcesBuildPhase;
			buildActionMask = 2147483647;
			files = (
			);
			runOnlyForDeploymentPostprocessing = 0;
		};
		7313389A2FEAAA8900139AA5 /* Sources */ = {
			isa = PBXSourcesBuildPhase;
			buildActionMask = 2147483647;
			files = (
			);
			runOnlyForDeploymentPostprocessing = 0;
		};
/* End PBXSourcesBuildPhase section */

/* Begin PBXTargetDependency section */
		731338962FEAAA8900139AA5 /* PBXTargetDependency */ = {
			isa = PBXTargetDependency;
			target = 731338842FEAAA8800139AA5 /* PlaygroundShell */;
			targetProxy = 731338952FEAAA8900139AA5 /* PBXContainerItemProxy */;
		};
		731338A02FEAAA8900139AA5 /* PBXTargetDependency */ = {
			isa = PBXTargetDependency;
			target = 731338842FEAAA8800139AA5 /* PlaygroundShell */;
			targetProxy = 7313389F2FEAAA8900139AA5 /* PBXContainerItemProxy */;
		};
/* End PBXTargetDependency section */

/* Begin XCBuildConfiguration section */
		731338A62FEAAA8900139AA5 /* Debug */ = {
			isa = XCBuildConfiguration;
			buildSettings = {
				ALWAYS_SEARCH_USER_PATHS = NO;
				ASSETCATALOG_COMPILER_GENERATE_SWIFT_ASSET_SYMBOL_EXTENSIONS = YES;
				CLANG_ANALYZER_NONNULL = YES;
				CLANG_ANALYZER_NUMBER_OBJECT_CONVERSION = YES_AGGRESSIVE;
				CLANG_CXX_LANGUAGE_STANDARD = "gnu++20";
				CLANG_ENABLE_MODULES = YES;
				CLANG_ENABLE_OBJC_ARC = YES;
				CLANG_ENABLE_OBJC_WEAK = YES;
				CLANG_WARN_BLOCK_CAPTURE_AUTORELEASING = YES;
				CLANG_WARN_BOOL_CONVERSION = YES;
				CLANG_WARN_COMMA = YES;
				CLANG_WARN_CONSTANT_CONVERSION = YES;
				CLANG_WARN_DEPRECATED_OBJC_IMPLEMENTATIONS = YES;
				CLANG_WARN_DIRECT_OBJC_ISA_USAGE = YES_ERROR;
				CLANG_WARN_DOCUMENTATION_COMMENTS = YES;
				CLANG_WARN_EMPTY_BODY = YES;
				CLANG_WARN_ENUM_CONVERSION = YES;
				CLANG_WARN_INFINITE_RECURSION = YES;
				CLANG_WARN_INT_CONVERSION = YES;
				CLANG_WARN_NON_LITERAL_NULL_CONVERSION = YES;
				CLANG_WARN_OBJC_IMPLICIT_RETAIN_SELF = YES;
				CLANG_WARN_OBJC_LITERAL_CONVERSION = YES;
				CLANG_WARN_OBJC_ROOT_CLASS = YES_ERROR;
				CLANG_WARN_QUOTED_INCLUDE_IN_FRAMEWORK_HEADER = YES;
				CLANG_WARN_RANGE_LOOP_ANALYSIS = YES;
				CLANG_WARN_STRICT_PROTOTYPES = YES;
				CLANG_WARN_SUSPICIOUS_MOVE = YES;
				CLANG_WARN_UNGUARDED_AVAILABILITY = YES_AGGRESSIVE;
				CLANG_WARN_UNREACHABLE_CODE = YES;
				CLANG_WARN__DUPLICATE_METHOD_MATCH = YES;
				COPY_PHASE_STRIP = NO;
				DEBUG_INFORMATION_FORMAT = dwarf;
				ENABLE_STRICT_OBJC_MSGSEND = YES;
				ENABLE_TESTABILITY = YES;
				ENABLE_USER_SCRIPT_SANDBOXING = YES;
				GCC_C_LANGUAGE_STANDARD = gnu17;
				GCC_DYNAMIC_NO_PIC = NO;
				GCC_NO_COMMON_BLOCKS = YES;
				GCC_OPTIMIZATION_LEVEL = 0;
				GCC_PREPROCESSOR_DEFINITIONS = (
					"DEBUG=1",
					"$(inherited)",
				);
				GCC_WARN_64_TO_32_BIT_CONVERSION = YES;
				GCC_WARN_ABOUT_RETURN_TYPE = YES_ERROR;
				GCC_WARN_UNDECLARED_SELECTOR = YES;
				GCC_WARN_UNINITIALIZED_AUTOS = YES_AGGRESSIVE;
				GCC_WARN_UNUSED_FUNCTION = YES;
				GCC_WARN_UNUSED_VARIABLE = YES;
				LOCALIZATION_PREFERS_STRING_CATALOGS = YES;
				MACOSX_DEPLOYMENT_TARGET = 15.7;
				MTL_ENABLE_DEBUG_INFO = INCLUDE_SOURCE;
				MTL_FAST_MATH = YES;
				ONLY_ACTIVE_ARCH = YES;
				SDKROOT = macosx;
				SWIFT_ACTIVE_COMPILATION_CONDITIONS = "DEBUG $(inherited)";
				SWIFT_OPTIMIZATION_LEVEL = "-Onone";
			};
			name = Debug;
		};
		731338A72FEAAA8900139AA5 /* Release */ = {
			isa = XCBuildConfiguration;
			buildSettings = {
				ALWAYS_SEARCH_USER_PATHS = NO;
				ASSETCATALOG_COMPILER_GENERATE_SWIFT_ASSET_SYMBOL_EXTENSIONS = YES;
				CLANG_ANALYZER_NONNULL = YES;
				CLANG_ANALYZER_NUMBER_OBJECT_CONVERSION = YES_AGGRESSIVE;
				CLANG_CXX_LANGUAGE_STANDARD = "gnu++20";
				CLANG_ENABLE_MODULES = YES;
				CLANG_ENABLE_OBJC_ARC = YES;
				CLANG_ENABLE_OBJC_WEAK = YES;
				CLANG_WARN_BLOCK_CAPTURE_AUTORELEASING = YES;
				CLANG_WARN_BOOL_CONVERSION = YES;
				CLANG_WARN_COMMA = YES;
				CLANG_WARN_CONSTANT_CONVERSION = YES;
				CLANG_WARN_DEPRECATED_OBJC_IMPLEMENTATIONS = YES;
				CLANG_WARN_DIRECT_OBJC_ISA_USAGE = YES_ERROR;
				CLANG_WARN_DOCUMENTATION_COMMENTS = YES;
				CLANG_WARN_EMPTY_BODY = YES;
				CLANG_WARN_ENUM_CONVERSION = YES;
				CLANG_WARN_INFINITE_RECURSION = YES;
				CLANG_WARN_INT_CONVERSION = YES;
				CLANG_WARN_NON_LITERAL_NULL_CONVERSION = YES;
				CLANG_WARN_OBJC_IMPLICIT_RETAIN_SELF = YES;
				CLANG_WARN_OBJC_LITERAL_CONVERSION = YES;
				CLANG_WARN_OBJC_ROOT_CLASS = YES_ERROR;
				CLANG_WARN_QUOTED_INCLUDE_IN_FRAMEWORK_HEADER = YES;
				CLANG_WARN_RANGE_LOOP_ANALYSIS = YES;
				CLANG_WARN_STRICT_PROTOTYPES = YES;
				CLANG_WARN_SUSPICIOUS_MOVE = YES;
				CLANG_WARN_UNGUARDED_AVAILABILITY = YES_AGGRESSIVE;
				CLANG_WARN_UNREACHABLE_CODE = YES;
				CLANG_WARN__DUPLICATE_METHOD_MATCH = YES;
				COPY_PHASE_STRIP = NO;
				DEBUG_INFORMATION_FORMAT = "dwarf-with-dsym";
				ENABLE_NS_ASSERTIONS = NO;
				ENABLE_STRICT_OBJC_MSGSEND = YES;
				ENABLE_USER_SCRIPT_SANDBOXING = YES;
				GCC_C_LANGUAGE_STANDARD = gnu17;
				GCC_NO_COMMON_BLOCKS = YES;
				GCC_WARN_64_TO_32_BIT_CONVERSION = YES;
				GCC_WARN_ABOUT_RETURN_TYPE = YES_ERROR;
				GCC_WARN_UNDECLARED_SELECTOR = YES;
				GCC_WARN_UNINITIALIZED_AUTOS = YES_AGGRESSIVE;
				GCC_WARN_UNUSED_FUNCTION = YES;
				GCC_WARN_UNUSED_VARIABLE = YES;
				LOCALIZATION_PREFERS_STRING_CATALOGS = YES;
				MACOSX_DEPLOYMENT_TARGET = 15.7;
				MTL_ENABLE_DEBUG_INFO = NO;
				MTL_FAST_MATH = YES;
				SDKROOT = macosx;
				SWIFT_COMPILATION_MODE = wholemodule;
			};
			name = Release;
		};
		731338A92FEAAA8900139AA5 /* Debug */ = {
			isa = XCBuildConfiguration;
			buildSettings = {
				ASSETCATALOG_COMPILER_APPICON_NAME = AppIcon;
				ASSETCATALOG_COMPILER_GLOBAL_ACCENT_COLOR_NAME = AccentColor;
				CODE_SIGN_STYLE = Automatic;
				COMBINE_HIDPI_IMAGES = YES;
				CURRENT_PROJECT_VERSION = 1;
				ENABLE_APP_SANDBOX = YES;
				ENABLE_PREVIEWS = YES;
				ENABLE_USER_SELECTED_FILES = readonly;
				GENERATE_INFOPLIST_FILE = YES;
				INFOPLIST_KEY_NSHumanReadableCopyright = "";
				LD_RUNPATH_SEARCH_PATHS = (
					"$(inherited)",
					"@executable_path/../Frameworks",
				);
				MARKETING_VERSION = 1.0;
				PRODUCT_BUNDLE_IDENTIFIER = com.physicalsoftware.PlaygroundShell;
				PRODUCT_NAME = "$(TARGET_NAME)";
				REGISTER_APP_GROUPS = YES;
				STRING_CATALOG_GENERATE_SYMBOLS = YES;
				SWIFT_APPROACHABLE_CONCURRENCY = YES;
				SWIFT_DEFAULT_ACTOR_ISOLATION = MainActor;
				SWIFT_EMIT_LOC_STRINGS = YES;
				SWIFT_UPCOMING_FEATURE_MEMBER_IMPORT_VISIBILITY = YES;
				SWIFT_VERSION = 5.0;
			};
			name = Debug;
		};
		731338AA2FEAAA8900139AA5 /* Release */ = {
			isa = XCBuildConfiguration;
			buildSettings = {
				ASSETCATALOG_COMPILER_APPICON_NAME = AppIcon;
				ASSETCATALOG_COMPILER_GLOBAL_ACCENT_COLOR_NAME = AccentColor;
				CODE_SIGN_STYLE = Automatic;
				COMBINE_HIDPI_IMAGES = YES;
				CURRENT_PROJECT_VERSION = 1;
				ENABLE_APP_SANDBOX = YES;
				ENABLE_PREVIEWS = YES;
				ENABLE_USER_SELECTED_FILES = readonly;
				GENERATE_INFOPLIST_FILE = YES;
				INFOPLIST_KEY_NSHumanReadableCopyright = "";
				LD_RUNPATH_SEARCH_PATHS = (
					"$(inherited)",
					"@executable_path/../Frameworks",
				);
				MARKETING_VERSION = 1.0;
				PRODUCT_BUNDLE_IDENTIFIER = com.physicalsoftware.PlaygroundShell;
				PRODUCT_NAME = "$(TARGET_NAME)";
				REGISTER_APP_GROUPS = YES;
				STRING_CATALOG_GENERATE_SYMBOLS = YES;
				SWIFT_APPROACHABLE_CONCURRENCY = YES;
				SWIFT_DEFAULT_ACTOR_ISOLATION = MainActor;
				SWIFT_EMIT_LOC_STRINGS = YES;
				SWIFT_UPCOMING_FEATURE_MEMBER_IMPORT_VISIBILITY = YES;
				SWIFT_VERSION = 5.0;
			};
			name = Release;
		};
		731338AC2FEAAA8900139AA5 /* Debug */ = {
			isa = XCBuildConfiguration;
			buildSettings = {
				BUNDLE_LOADER = "$(TEST_HOST)";
				CODE_SIGN_STYLE = Automatic;
				CURRENT_PROJECT_VERSION = 1;
				GENERATE_INFOPLIST_FILE = YES;
				MACOSX_DEPLOYMENT_TARGET = 15.7;
				MARKETING_VERSION = 1.0;
				PRODUCT_BUNDLE_IDENTIFIER = com.physicalsoftware.PlaygroundShellTests;
				PRODUCT_NAME = "$(TARGET_NAME)";
				STRING_CATALOG_GENERATE_SYMBOLS = NO;
				SWIFT_APPROACHABLE_CONCURRENCY = YES;
				SWIFT_EMIT_LOC_STRINGS = NO;
				SWIFT_UPCOMING_FEATURE_MEMBER_IMPORT_VISIBILITY = YES;
				SWIFT_VERSION = 5.0;
				TEST_HOST = "$(BUILT_PRODUCTS_DIR)/PlaygroundShell.app/$(BUNDLE_EXECUTABLE_FOLDER_PATH)/PlaygroundShell";
			};
			name = Debug;
		};
		731338AD2FEAAA8900139AA5 /* Release */ = {
			isa = XCBuildConfiguration;
			buildSettings = {
				BUNDLE_LOADER = "$(TEST_HOST)";
				CODE_SIGN_STYLE = Automatic;
				CURRENT_PROJECT_VERSION = 1;
				GENERATE_INFOPLIST_FILE = YES;
				MACOSX_DEPLOYMENT_TARGET = 15.7;
				MARKETING_VERSION = 1.0;
				PRODUCT_BUNDLE_IDENTIFIER = com.physicalsoftware.PlaygroundShellTests;
				PRODUCT_NAME = "$(TARGET_NAME)";
				STRING_CATALOG_GENERATE_SYMBOLS = NO;
				SWIFT_APPROACHABLE_CONCURRENCY = YES;
				SWIFT_EMIT_LOC_STRINGS = NO;
				SWIFT_UPCOMING_FEATURE_MEMBER_IMPORT_VISIBILITY = YES;
				SWIFT_VERSION = 5.0;
				TEST_HOST = "$(BUILT_PRODUCTS_DIR)/PlaygroundShell.app/$(BUNDLE_EXECUTABLE_FOLDER_PATH)/PlaygroundShell";
			};
			name = Release;
		};
		731338AF2FEAAA8900139AA5 /* Debug */ = {
			isa = XCBuildConfiguration;
			buildSettings = {
				CODE_SIGN_STYLE = Automatic;
				CURRENT_PROJECT_VERSION = 1;
				GENERATE_INFOPLIST_FILE = YES;
				MARKETING_VERSION = 1.0;
				PRODUCT_BUNDLE_IDENTIFIER = com.physicalsoftware.PlaygroundShellUITests;
				PRODUCT_NAME = "$(TARGET_NAME)";
				STRING_CATALOG_GENERATE_SYMBOLS = NO;
				SWIFT_APPROACHABLE_CONCURRENCY = YES;
				SWIFT_EMIT_LOC_STRINGS = NO;
				SWIFT_UPCOMING_FEATURE_MEMBER_IMPORT_VISIBILITY = YES;
				SWIFT_VERSION = 5.0;
				TEST_TARGET_NAME = PlaygroundShell;
			};
			name = Debug;
		};
		731338B02FEAAA8900139AA5 /* Release */ = {
			isa = XCBuildConfiguration;
			buildSettings = {
				CODE_SIGN_STYLE = Automatic;
				CURRENT_PROJECT_VERSION = 1;
				GENERATE_INFOPLIST_FILE = YES;
				MARKETING_VERSION = 1.0;
				PRODUCT_BUNDLE_IDENTIFIER = com.physicalsoftware.PlaygroundShellUITests;
				PRODUCT_NAME = "$(TARGET_NAME)";
				STRING_CATALOG_GENERATE_SYMBOLS = NO;
				SWIFT_APPROACHABLE_CONCURRENCY = YES;
				SWIFT_EMIT_LOC_STRINGS = NO;
				SWIFT_UPCOMING_FEATURE_MEMBER_IMPORT_VISIBILITY = YES;
				SWIFT_VERSION = 5.0;
				TEST_TARGET_NAME = PlaygroundShell;
			};
			name = Release;
		};
/* End XCBuildConfiguration section */

/* Begin XCConfigurationList section */
		731338802FEAAA8800139AA5 /* Build configuration list for PBXProject "PlaygroundShell" */ = {
			isa = XCConfigurationList;
			buildConfigurations = (
				731338A62FEAAA8900139AA5 /* Debug */,
				731338A72FEAAA8900139AA5 /* Release */,
			);
			defaultConfigurationIsVisible = 0;
			defaultConfigurationName = Release;
		};
		731338A82FEAAA8900139AA5 /* Build configuration list for PBXNativeTarget "PlaygroundShell" */ = {
			isa = XCConfigurationList;
			buildConfigurations = (
				731338A92FEAAA8900139AA5 /* Debug */,
				731338AA2FEAAA8900139AA5 /* Release */,
			);
			defaultConfigurationIsVisible = 0;
			defaultConfigurationName = Release;
		};
		731338AB2FEAAA8900139AA5 /* Build configuration list for PBXNativeTarget "PlaygroundShellTests" */ = {
			isa = XCConfigurationList;
			buildConfigurations = (
				731338AC2FEAAA8900139AA5 /* Debug */,
				731338AD2FEAAA8900139AA5 /* Release */,
			);
			defaultConfigurationIsVisible = 0;
			defaultConfigurationName = Release;
		};
		731338AE2FEAAA8900139AA5 /* Build configuration list for PBXNativeTarget "PlaygroundShellUITests" */ = {
			isa = XCConfigurationList;
			buildConfigurations = (
				731338AF2FEAAA8900139AA5 /* Debug */,
				731338B02FEAAA8900139AA5 /* Release */,
			);
			defaultConfigurationIsVisible = 0;
			defaultConfigurationName = Release;
		};
/* End XCConfigurationList section */

/* Begin XCLocalSwiftPackageReference section */
		731338B12FEAAB3800139AA5 /* XCLocalSwiftPackageReference "../../../SwiftXState" */ = {
			isa = XCLocalSwiftPackageReference;
			relativePath = ../../../SwiftXState;
		};
/* End XCLocalSwiftPackageReference section */

/* Begin XCSwiftPackageProductDependency section */
		731338B22FEAAB3800139AA5 /* SwiftXState */ = {
			isa = XCSwiftPackageProductDependency;
			productName = SwiftXState;
		};
		731338B42FEAAB3800139AA5 /* SwiftXStateGraph */ = {
			isa = XCSwiftPackageProductDependency;
			productName = SwiftXStateGraph;
		};
		731338B62FEAAB3800139AA5 /* SwiftXStateInspect */ = {
			isa = XCSwiftPackageProductDependency;
			productName = SwiftXStateInspect;
		};
		731338B82FEAAB3800139AA5 /* SwiftXStateInspectURLSession */ = {
			isa = XCSwiftPackageProductDependency;
			productName = SwiftXStateInspectURLSession;
		};
		731338BA2FEAAB3800139AA5 /* SwiftXStateInspectorCore */ = {
			isa = XCSwiftPackageProductDependency;
			productName = SwiftXStateInspectorCore;
		};
		731338BC2FEAAB3800139AA5 /* SwiftXStateInspectorUI */ = {
			isa = XCSwiftPackageProductDependency;
			productName = SwiftXStateInspectorUI;
		};
		731338BE2FEAAB3800139AA5 /* SwiftXStateSwiftData */ = {
			isa = XCSwiftPackageProductDependency;
			productName = SwiftXStateSwiftData;
		};
		731338C02FEAAB3800139AA5 /* SwiftXStateSwiftUI */ = {
			isa = XCSwiftPackageProductDependency;
			productName = SwiftXStateSwiftUI;
		};
/* End XCSwiftPackageProductDependency section */
	};
	rootObject = 7313387D2FEAAA8800139AA5 /* Project object */;
}
