{
  "originHash" : "fb5dc8ef395ec9a45bf476026b69916a6f5d0a1262617e3b20f9a70e9e0b5698",
  "pins" : [
    {
      "identity" : "chesskit-swift",
      "kind" : "remoteSourceControl",
      "location" : "https://github.com/chesskit-app/chesskit-swift",
      "state" : {
        "revision" : "44ef7a1aa9da25bf0a9606a8960591a4dde3fad2",
        "version" : "0.17.0"
      }
    },
    {
      "identity" : "friday-the-thirteenth",
      "kind" : "remoteSourceControl",
      "location" : "https://github.com/gistya/friday-the-thirteenth",
      "state" : {
        "revision" : "be87de47919c3e6591e3f681812a411f30f870da",
        "version" : "2.0.0"
      }
    },
    {
      "identity" : "javascriptkit",
      "kind" : "remoteSourceControl",
      "location" : "https://github.com/swiftwasm/JavaScriptKit",
      "state" : {
        "revision" : "403ae956d68503957699b6dc4c07b73caad031b7",
        "version" : "0.53.0"
      }
    },
    {
      "identity" : "swift-compositional-init",
      "kind" : "remoteSourceControl",
      "location" : "https://github.com/gistya/swift-compositional-init",
      "state" : {
        "revision" : "af4835e941fe00409ea076e4f49c9fe7e800a9e8",
        "version" : "1.2.0"
      }
    },
    {
      "identity" : "swift-syntax",
      "kind" : "remoteSourceControl",
      "location" : "https://github.com/swiftlang/swift-syntax.git",
      "state" : {
        "revision" : "79e4b74a295b6eb74a8b585e3a39d29e70c1dbd1",
        "version" : "603.0.2"
      }
    },
    {
      "identity" : "swift-webgpu",
      "kind" : "remoteSourceControl",
      "location" : "https://github.com/1amageek/swift-webgpu",
      "state" : {
        "branch" : "main",
        "revision" : "df2bc6ad734c96bfe8ea03f313776233bb1c97b0"
      }
    },
    {
      "identity" : "swiftxstate",
      "kind" : "remoteSourceControl",
      "location" : "https://github.com/gistya/SwiftXState",
      "state" : {
        "revision" : "b7d9a4600a0a01f25ef100b76284fd9e74626c83",
        "version" : "2.0.0-alpha.11"
      }
    }
  ],
  "version" : 3
}
