// !$*UTF8*$!
{
	archiveVersion = 1;
	classes = {
	};
	objectVersion = 77;
	objects = {

/* Begin PBXBuildFile section */
		733D43EB2FDBCFB100DD6932 /* SwiftXState in Frameworks */ = {isa = PBXBuildFile; productRef = 733D43EA2FDBCFB100DD6932 /* SwiftXState */; };
		733D43EF2FDBCFB100DD6932 /* SwiftXStateInspect in Frameworks */ = {isa = PBXBuildFile; productRef = 733D43EE2FDBCFB100DD6932 /* SwiftXStateInspect */; };
		733D43F32FDBCFB100DD6932 /* SwiftXStateSwiftData in Frameworks */ = {isa = PBXBuildFile; productRef = 733D43F22FDBCFB100DD6932 /* SwiftXStateSwiftData */; };
		733D43F52FDBCFB100DD6932 /* SwiftXStateSwiftUI in Frameworks */ = {isa = PBXBuildFile; productRef = 733D43F42FDBCFB100DD6932 /* SwiftXStateSwiftUI */; };
		733D44462FDCC9B200DD6932 /* SwiftXState in Frameworks */ = {isa = PBXBuildFile; productRef = 733D44452FDCC9B200DD6932 /* SwiftXState */; };
		733D44482FDCC9B200DD6932 /* SwiftXStateInspect in Frameworks */ = {isa = PBXBuildFile; productRef = 733D44472FDCC9B200DD6932 /* SwiftXStateInspect */; };
		733D444A2FDCC9B200DD6932 /* SwiftXStateSwiftData in Frameworks */ = {isa = PBXBuildFile; productRef = 733D44492FDCC9B200DD6932 /* SwiftXStateSwiftData */; };
		733D444C2FDCC9B200DD6932 /* SwiftXStateSwiftUI in Frameworks */ = {isa = PBXBuildFile; productRef = 733D444B2FDCC9B200DD6932 /* SwiftXStateSwiftUI */; };
/* End PBXBuildFile section */

/* Begin PBXContainerItemProxy section */
		733D43C12FDBCF3A00DD6932 /* PBXContainerItemProxy */ = {
			isa = PBXContainerItemProxy;
			containerPortal = 733D43A92FDBCF3900DD6932 /* Project object */;
			proxyType = 1;
			remoteGlobalIDString = 733D43B02FDBCF3900DD6932;
			remoteInfo = XConway;
		};
		733D43CB2FDBCF3A00DD6932 /* PBXContainerItemProxy */ = {
			isa = PBXContainerItemProxy;
			containerPortal = 733D43A92FDBCF3900DD6932 /* Project object */;
			proxyType = 1;
			remoteGlobalIDString = 733D43B02FDBCF3900DD6932;
			remoteInfo = XConway;
		};
/* End PBXContainerItemProxy section */

/* Begin PBXFileReference section */
		733D43B12FDBCF3900DD6932 /* XConway.app */ = {isa = PBXFileReference; explicitFileType = wrapper.application; includeInIndex = 0; path = XConway.app; sourceTree = BUILT_PRODUCTS_DIR; };
		733D43C02FDBCF3A00DD6932 /* XConwayTests.xctest */ = {isa = PBXFileReference; explicitFileType = wrapper.cfbundle; includeInIndex = 0; path = XConwayTests.xctest; sourceTree = BUILT_PRODUCTS_DIR; };
		733D43CA2FDBCF3A00DD6932 /* XConwayUITests.xctest */ = {isa = PBXFileReference; explicitFileType = wrapper.cfbundle; includeInIndex = 0; path = XConwayUITests.xctest; sourceTree = BUILT_PRODUCTS_DIR; };
		733D43F72FDBEFCC00DD6932 /* SwiftData.framework */ = {isa = PBXFileReference; lastKnownFileType = wrapper.framework; name = SwiftData.framework; path = Platforms/iPhoneOS.platform/Developer/SDKs/iPhoneOS26.2.sdk/System/Library/Frameworks/SwiftData.framework; sourceTree = DEVELOPER_DIR; };
		733D43F92FDBEFD400DD6932 /* SwiftUI.framework */ = {isa = PBXFileReference; lastKnownFileType = wrapper.framework; name = SwiftUI.framework; path = Platforms/iPhoneOS.platform/Developer/SDKs/iPhoneOS26.2.sdk/System/Library/Frameworks/SwiftUI.framework; sourceTree = DEVELOPER_DIR; };
/* End PBXFileReference section */

/* Begin PBXFileSystemSynchronizedRootGroup section */
		733D43B32FDBCF3900DD6932 /* XConway */ = {
			isa = PBXFileSystemSynchronizedRootGroup;
			path = XConway;
			sourceTree = "<group>";
		};
		733D43C32FDBCF3A00DD6932 /* XConwayTests */ = {
			isa = PBXFileSystemSynchronizedRootGroup;
			path = XConwayTests;
			sourceTree = "<group>";
		};
		733D43CD2FDBCF3A00DD6932 /* XConwayUITests */ = {
			isa = PBXFileSystemSynchronizedRootGroup;
			path = XConwayUITests;
			sourceTree = "<group>";
		};
/* End PBXFileSystemSynchronizedRootGroup section */

/* Begin PBXFrameworksBuildPhase section */
		733D43AE2FDBCF3900DD6932 /* Frameworks */ = {
			isa = PBXFrameworksBuildPhase;
			buildActionMask = 2147483647;
			files = (
				733D43EF2FDBCFB100DD6932 /* SwiftXStateInspect in Frameworks */,
				733D43EB2FDBCFB100DD6932 /* SwiftXState in Frameworks */,
				733D44462FDCC9B200DD6932 /* SwiftXState in Frameworks */,
				733D43F32FDBCFB100DD6932 /* SwiftXStateSwiftData in Frameworks */,
				733D444A2FDCC9B200DD6932 /* SwiftXStateSwiftData in Frameworks */,
				733D444C2FDCC9B200DD6932 /* SwiftXStateSwiftUI in Frameworks */,
				733D44482FDCC9B200DD6932 /* SwiftXStateInspect in Frameworks */,
				733D43F52FDBCFB100DD6932 /* SwiftXStateSwiftUI in Frameworks */,
			);
			runOnlyForDeploymentPostprocessing = 0;
		};
		733D43BD2FDBCF3A00DD6932 /* Frameworks */ = {
			isa = PBXFrameworksBuildPhase;
			buildActionMask = 2147483647;
			files = (
			);
			runOnlyForDeploymentPostprocessing = 0;
		};
		733D43C72FDBCF3A00DD6932 /* Frameworks */ = {
			isa = PBXFrameworksBuildPhase;
			buildActionMask = 2147483647;
			files = (
			);
			runOnlyForDeploymentPostprocessing = 0;
		};
/* End PBXFrameworksBuildPhase section */

/* Begin PBXGroup section */
		733D43A82FDBCF3900DD6932 = {
			isa = PBXGroup;
			children = (
				733D43B32FDBCF3900DD6932 /* XConway */,
				733D43C32FDBCF3A00DD6932 /* XConwayTests */,
				733D43CD2FDBCF3A00DD6932 /* XConwayUITests */,
				733D43F62FDBEFCB00DD6932 /* Frameworks */,
				733D43B22FDBCF3900DD6932 /* Products */,
			);
			sourceTree = "<group>";
		};
		733D43B22FDBCF3900DD6932 /* Products */ = {
			isa = PBXGroup;
			children = (
				733D43B12FDBCF3900DD6932 /* XConway.app */,
				733D43C02FDBCF3A00DD6932 /* XConwayTests.xctest */,
				733D43CA2FDBCF3A00DD6932 /* XConwayUITests.xctest */,
			);
			name = Products;
			sourceTree = "<group>";
		};
		733D43F62FDBEFCB00DD6932 /* Frameworks */ = {
			isa = PBXGroup;
			children = (
				733D43F92FDBEFD400DD6932 /* SwiftUI.framework */,
				733D43F72FDBEFCC00DD6932 /* SwiftData.framework */,
			);
			name = Frameworks;
			sourceTree = "<group>";
		};
/* End PBXGroup section */

/* Begin PBXNativeTarget section */
		733D43B02FDBCF3900DD6932 /* XConway */ = {
			isa = PBXNativeTarget;
			buildConfigurationList = 733D43D42FDBCF3A00DD6932 /* Build configuration list for PBXNativeTarget "XConway" */;
			buildPhases = (
				733D43AD2FDBCF3900DD6932 /* Sources */,
				733D43AE2FDBCF3900DD6932 /* Frameworks */,
				733D43AF2FDBCF3900DD6932 /* Resources */,
			);
			buildRules = (
			);
			dependencies = (
			);
			fileSystemSynchronizedGroups = (
				733D43B32FDBCF3900DD6932 /* XConway */,
			);
			name = XConway;
			packageProductDependencies = (
				733D43EA2FDBCFB100DD6932 /* SwiftXState */,
				733D43EE2FDBCFB100DD6932 /* SwiftXStateInspect */,
				733D43F22FDBCFB100DD6932 /* SwiftXStateSwiftData */,
				733D43F42FDBCFB100DD6932 /* SwiftXStateSwiftUI */,
				733D44452FDCC9B200DD6932 /* SwiftXState */,
				733D44472FDCC9B200DD6932 /* SwiftXStateInspect */,
				733D44492FDCC9B200DD6932 /* SwiftXStateSwiftData */,
				733D444B2FDCC9B200DD6932 /* SwiftXStateSwiftUI */,
			);
			productName = XConway;
			productReference = 733D43B12FDBCF3900DD6932 /* XConway.app */;
			productType = "com.apple.product-type.application";
		};
		733D43BF2FDBCF3A00DD6932 /* XConwayTests */ = {
			isa = PBXNativeTarget;
			buildConfigurationList = 733D43D72FDBCF3A00DD6932 /* Build configuration list for PBXNativeTarget "XConwayTests" */;
			buildPhases = (
				733D43BC2FDBCF3A00DD6932 /* Sources */,
				733D43BD2FDBCF3A00DD6932 /* Frameworks */,
				733D43BE2FDBCF3A00DD6932 /* Resources */,
			);
			buildRules = (
			);
			dependencies = (
				733D43C22FDBCF3A00DD6932 /* PBXTargetDependency */,
			);
			fileSystemSynchronizedGroups = (
				733D43C32FDBCF3A00DD6932 /* XConwayTests */,
			);
			name = XConwayTests;
			packageProductDependencies = (
			);
			productName = XConwayTests;
			productReference = 733D43C02FDBCF3A00DD6932 /* XConwayTests.xctest */;
			productType = "com.apple.product-type.bundle.unit-test";
		};
		733D43C92FDBCF3A00DD6932 /* XConwayUITests */ = {
			isa = PBXNativeTarget;
			buildConfigurationList = 733D43DA2FDBCF3A00DD6932 /* Build configuration list for PBXNativeTarget "XConwayUITests" */;
			buildPhases = (
				733D43C62FDBCF3A00DD6932 /* Sources */,
				733D43C72FDBCF3A00DD6932 /* Frameworks */,
				733D43C82FDBCF3A00DD6932 /* Resources */,
			);
			buildRules = (
			);
			dependencies = (
				733D43CC2FDBCF3A00DD6932 /* PBXTargetDependency */,
			);
			fileSystemSynchronizedGroups = (
				733D43CD2FDBCF3A00DD6932 /* XConwayUITests */,
			);
			name = XConwayUITests;
			packageProductDependencies = (
			);
			productName = XConwayUITests;
			productReference = 733D43CA2FDBCF3A00DD6932 /* XConwayUITests.xctest */;
			productType = "com.apple.product-type.bundle.ui-testing";
		};
/* End PBXNativeTarget section */

/* Begin PBXProject section */
		733D43A92FDBCF3900DD6932 /* Project object */ = {
			isa = PBXProject;
			attributes = {
				BuildIndependentTargetsInParallel = 1;
				LastSwiftUpdateCheck = 2630;
				LastUpgradeCheck = 2630;
				TargetAttributes = {
					733D43B02FDBCF3900DD6932 = {
						CreatedOnToolsVersion = 26.3;
					};
					733D43BF2FDBCF3A00DD6932 = {
						CreatedOnToolsVersion = 26.3;
						TestTargetID = 733D43B02FDBCF3900DD6932;
					};
					733D43C92FDBCF3A00DD6932 = {
						CreatedOnToolsVersion = 26.3;
						TestTargetID = 733D43B02FDBCF3900DD6932;
					};
				};
			};
			buildConfigurationList = 733D43AC2FDBCF3900DD6932 /* Build configuration list for PBXProject "XConway" */;
			developmentRegion = en;
			hasScannedForEncodings = 0;
			knownRegions = (
				en,
				Base,
			);
			mainGroup = 733D43A82FDBCF3900DD6932;
			minimizedProjectReferenceProxies = 1;
			packageReferences = (
				733D44442FDCC9B200DD6932 /* XCLocalSwiftPackageReference "../../../swift-xstate" */,
			);
			preferredProjectObjectVersion = 77;
			productRefGroup = 733D43B22FDBCF3900DD6932 /* Products */;
			projectDirPath = "";
			projectRoot = "";
			targets = (
				733D43B02FDBCF3900DD6932 /* XConway */,
				733D43BF2FDBCF3A00DD6932 /* XConwayTests */,
				733D43C92FDBCF3A00DD6932 /* XConwayUITests */,
			);
		};
/* End PBXProject section */

/* Begin PBXResourcesBuildPhase section */
		733D43AF2FDBCF3900DD6932 /* Resources */ = {
			isa = PBXResourcesBuildPhase;
			buildActionMask = 2147483647;
			files = (
			);
			runOnlyForDeploymentPostprocessing = 0;
		};
		733D43BE2FDBCF3A00DD6932 /* Resources */ = {
			isa = PBXResourcesBuildPhase;
			buildActionMask = 2147483647;
			files = (
			);
			runOnlyForDeploymentPostprocessing = 0;
		};
		733D43C82FDBCF3A00DD6932 /* Resources */ = {
			isa = PBXResourcesBuildPhase;
			buildActionMask = 2147483647;
			files = (
			);
			runOnlyForDeploymentPostprocessing = 0;
		};
/* End PBXResourcesBuildPhase section */

/* Begin PBXSourcesBuildPhase section */
		733D43AD2FDBCF3900DD6932 /* Sources */ = {
			isa = PBXSourcesBuildPhase;
			buildActionMask = 2147483647;
			files = (
			);
			runOnlyForDeploymentPostprocessing = 0;
		};
		733D43BC2FDBCF3A00DD6932 /* Sources */ = {
			isa = PBXSourcesBuildPhase;
			buildActionMask = 2147483647;
			files = (
			);
			runOnlyForDeploymentPostprocessing = 0;
		};
		733D43C62FDBCF3A00DD6932 /* Sources */ = {
			isa = PBXSourcesBuildPhase;
			buildActionMask = 2147483647;
			files = (
			);
			runOnlyForDeploymentPostprocessing = 0;
		};
/* End PBXSourcesBuildPhase section */

/* Begin PBXTargetDependency section */
		733D43C22FDBCF3A00DD6932 /* PBXTargetDependency */ = {
			isa = PBXTargetDependency;
			target = 733D43B02FDBCF3900DD6932 /* XConway */;
			targetProxy = 733D43C12FDBCF3A00DD6932 /* PBXContainerItemProxy */;
		};
		733D43CC2FDBCF3A00DD6932 /* PBXTargetDependency */ = {
			isa = PBXTargetDependency;
			target = 733D43B02FDBCF3900DD6932 /* XConway */;
			targetProxy = 733D43CB2FDBCF3A00DD6932 /* PBXContainerItemProxy */;
		};
/* End PBXTargetDependency section */

/* Begin XCBuildConfiguration section */
		733D43D22FDBCF3A00DD6932 /* Debug */ = {
			isa = XCBuildConfiguration;
			buildSettings = {
				ALWAYS_SEARCH_USER_PATHS = NO;
				ASSETCATALOG_COMPILER_GENERATE_SWIFT_ASSET_SYMBOL_EXTENSIONS = YES;
				CLANG_ANALYZER_NONNULL = YES;
				CLANG_ANALYZER_NUMBER_OBJECT_CONVERSION = YES_AGGRESSIVE;
				CLANG_CXX_LANGUAGE_STANDARD = "gnu++20";
				CLANG_ENABLE_MODULES = YES;
				CLANG_ENABLE_OBJC_ARC = YES;
				CLANG_ENABLE_OBJC_WEAK = YES;
				CLANG_WARN_BLOCK_CAPTURE_AUTORELEASING = YES;
				CLANG_WARN_BOOL_CONVERSION = YES;
				CLANG_WARN_COMMA = YES;
				CLANG_WARN_CONSTANT_CONVERSION = YES;
				CLANG_WARN_DEPRECATED_OBJC_IMPLEMENTATIONS = YES;
				CLANG_WARN_DIRECT_OBJC_ISA_USAGE = YES_ERROR;
				CLANG_WARN_DOCUMENTATION_COMMENTS = YES;
				CLANG_WARN_EMPTY_BODY = YES;
				CLANG_WARN_ENUM_CONVERSION = YES;
				CLANG_WARN_INFINITE_RECURSION = YES;
				CLANG_WARN_INT_CONVERSION = YES;
				CLANG_WARN_NON_LITERAL_NULL_CONVERSION = YES;
				CLANG_WARN_OBJC_IMPLICIT_RETAIN_SELF = YES;
				CLANG_WARN_OBJC_LITERAL_CONVERSION = YES;
				CLANG_WARN_OBJC_ROOT_CLASS = YES_ERROR;
				CLANG_WARN_QUOTED_INCLUDE_IN_FRAMEWORK_HEADER = YES;
				CLANG_WARN_RANGE_LOOP_ANALYSIS = YES;
				CLANG_WARN_STRICT_PROTOTYPES = YES;
				CLANG_WARN_SUSPICIOUS_MOVE = YES;
				CLANG_WARN_UNGUARDED_AVAILABILITY = YES_AGGRESSIVE;
				CLANG_WARN_UNREACHABLE_CODE = YES;
				CLANG_WARN__DUPLICATE_METHOD_MATCH = YES;
				COPY_PHASE_STRIP = NO;
				DEBUG_INFORMATION_FORMAT = dwarf;
				ENABLE_STRICT_OBJC_MSGSEND = YES;
				ENABLE_TESTABILITY = YES;
				ENABLE_USER_SCRIPT_SANDBOXING = YES;
				GCC_C_LANGUAGE_STANDARD = gnu17;
				GCC_DYNAMIC_NO_PIC = NO;
				GCC_NO_COMMON_BLOCKS = YES;
				GCC_OPTIMIZATION_LEVEL = 0;
				GCC_PREPROCESSOR_DEFINITIONS = (
					"DEBUG=1",
					"$(inherited)",
				);
				GCC_WARN_64_TO_32_BIT_CONVERSION = YES;
				GCC_WARN_ABOUT_RETURN_TYPE = YES_ERROR;
				GCC_WARN_UNDECLARED_SELECTOR = YES;
				GCC_WARN_UNINITIALIZED_AUTOS = YES_AGGRESSIVE;
				GCC_WARN_UNUSED_FUNCTION = YES;
				GCC_WARN_UNUSED_VARIABLE = YES;
				LOCALIZATION_PREFERS_STRING_CATALOGS = YES;
				MTL_ENABLE_DEBUG_INFO = INCLUDE_SOURCE;
				MTL_FAST_MATH = YES;
				ONLY_ACTIVE_ARCH = YES;
				SWIFT_ACTIVE_COMPILATION_CONDITIONS = "DEBUG $(inherited)";
				SWIFT_OPTIMIZATION_LEVEL = "-Onone";
			};
			name = Debug;
		};
		733D43D32FDBCF3A00DD6932 /* Release */ = {
			isa = XCBuildConfiguration;
			buildSettings = {
				ALWAYS_SEARCH_USER_PATHS = NO;
				ASSETCATALOG_COMPILER_GENERATE_SWIFT_ASSET_SYMBOL_EXTENSIONS = YES;
				CLANG_ANALYZER_NONNULL = YES;
				CLANG_ANALYZER_NUMBER_OBJECT_CONVERSION = YES_AGGRESSIVE;
				CLANG_CXX_LANGUAGE_STANDARD = "gnu++20";
				CLANG_ENABLE_MODULES = YES;
				CLANG_ENABLE_OBJC_ARC = YES;
				CLANG_ENABLE_OBJC_WEAK = YES;
				CLANG_WARN_BLOCK_CAPTURE_AUTORELEASING = YES;
				CLANG_WARN_BOOL_CONVERSION = YES;
				CLANG_WARN_COMMA = YES;
				CLANG_WARN_CONSTANT_CONVERSION = YES;
				CLANG_WARN_DEPRECATED_OBJC_IMPLEMENTATIONS = YES;
				CLANG_WARN_DIRECT_OBJC_ISA_USAGE = YES_ERROR;
				CLANG_WARN_DOCUMENTATION_COMMENTS = YES;
				CLANG_WARN_EMPTY_BODY = YES;
				CLANG_WARN_ENUM_CONVERSION = YES;
				CLANG_WARN_INFINITE_RECURSION = YES;
				CLANG_WARN_INT_CONVERSION = YES;
				CLANG_WARN_NON_LITERAL_NULL_CONVERSION = YES;
				CLANG_WARN_OBJC_IMPLICIT_RETAIN_SELF = YES;
				CLANG_WARN_OBJC_LITERAL_CONVERSION = YES;
				CLANG_WARN_OBJC_ROOT_CLASS = YES_ERROR;
				CLANG_WARN_QUOTED_INCLUDE_IN_FRAMEWORK_HEADER = YES;
				CLANG_WARN_RANGE_LOOP_ANALYSIS = YES;
				CLANG_WARN_STRICT_PROTOTYPES = YES;
				CLANG_WARN_SUSPICIOUS_MOVE = YES;
				CLANG_WARN_UNGUARDED_AVAILABILITY = YES_AGGRESSIVE;
				CLANG_WARN_UNREACHABLE_CODE = YES;
				CLANG_WARN__DUPLICATE_METHOD_MATCH = YES;
				COPY_PHASE_STRIP = NO;
				DEBUG_INFORMATION_FORMAT = "dwarf-with-dsym";
				ENABLE_NS_ASSERTIONS = NO;
				ENABLE_STRICT_OBJC_MSGSEND = YES;
				ENABLE_USER_SCRIPT_SANDBOXING = YES;
				GCC_C_LANGUAGE_STANDARD = gnu17;
				GCC_NO_COMMON_BLOCKS = YES;
				GCC_WARN_64_TO_32_BIT_CONVERSION = YES;
				GCC_WARN_ABOUT_RETURN_TYPE = YES_ERROR;
				GCC_WARN_UNDECLARED_SELECTOR = YES;
				GCC_WARN_UNINITIALIZED_AUTOS = YES_AGGRESSIVE;
				GCC_WARN_UNUSED_FUNCTION = YES;
				GCC_WARN_UNUSED_VARIABLE = YES;
				LOCALIZATION_PREFERS_STRING_CATALOGS = YES;
				MTL_ENABLE_DEBUG_INFO = NO;
				MTL_FAST_MATH = YES;
				SWIFT_COMPILATION_MODE = wholemodule;
			};
			name = Release;
		};
		733D43D52FDBCF3A00DD6932 /* Debug */ = {
			isa = XCBuildConfiguration;
			buildSettings = {
				ASSETCATALOG_COMPILER_APPICON_NAME = AppIcon;
				ASSETCATALOG_COMPILER_GLOBAL_ACCENT_COLOR_NAME = AccentColor;
				CODE_SIGN_STYLE = Automatic;
				CURRENT_PROJECT_VERSION = 1;
				ENABLE_APP_SANDBOX = YES;
				ENABLE_PREVIEWS = YES;
				ENABLE_USER_SELECTED_FILES = readonly;
				GENERATE_INFOPLIST_FILE = YES;
				"INFOPLIST_KEY_UIApplicationSceneManifest_Generation[sdk=iphoneos*]" = YES;
				"INFOPLIST_KEY_UIApplicationSceneManifest_Generation[sdk=iphonesimulator*]" = YES;
				"INFOPLIST_KEY_UIApplicationSupportsIndirectInputEvents[sdk=iphoneos*]" = YES;
				"INFOPLIST_KEY_UIApplicationSupportsIndirectInputEvents[sdk=iphonesimulator*]" = YES;
				"INFOPLIST_KEY_UILaunchScreen_Generation[sdk=iphoneos*]" = YES;
				"INFOPLIST_KEY_UILaunchScreen_Generation[sdk=iphonesimulator*]" = YES;
				"INFOPLIST_KEY_UIStatusBarStyle[sdk=iphoneos*]" = UIStatusBarStyleDefault;
				"INFOPLIST_KEY_UIStatusBarStyle[sdk=iphonesimulator*]" = UIStatusBarStyleDefault;
				INFOPLIST_KEY_UISupportedInterfaceOrientations_iPad = "UIInterfaceOrientationPortrait UIInterfaceOrientationPortraitUpsideDown UIInterfaceOrientationLandscapeLeft UIInterfaceOrientationLandscapeRight";
				INFOPLIST_KEY_UISupportedInterfaceOrientations_iPhone = "UIInterfaceOrientationPortrait UIInterfaceOrientationLandscapeLeft UIInterfaceOrientationLandscapeRight";
				IPHONEOS_DEPLOYMENT_TARGET = 26.2;
				LD_RUNPATH_SEARCH_PATHS = "@executable_path/Frameworks";
				"LD_RUNPATH_SEARCH_PATHS[sdk=macosx*]" = "@executable_path/../Frameworks";
				MACOSX_DEPLOYMENT_TARGET = 15.7;
				MARKETING_VERSION = 1.0;
				PRODUCT_BUNDLE_IDENTIFIER = com.xconway.XConway;
				PRODUCT_NAME = "$(TARGET_NAME)";
				REGISTER_APP_GROUPS = YES;
				SDKROOT = auto;
				STRING_CATALOG_GENERATE_SYMBOLS = YES;
				SUPPORTED_PLATFORMS = "iphoneos iphonesimulator macosx xros xrsimulator";
				SWIFT_APPROACHABLE_CONCURRENCY = YES;
				SWIFT_DEFAULT_ACTOR_ISOLATION = MainActor;
				SWIFT_EMIT_LOC_STRINGS = YES;
				SWIFT_UPCOMING_FEATURE_MEMBER_IMPORT_VISIBILITY = YES;
				SWIFT_VERSION = 5.0;
				TARGETED_DEVICE_FAMILY = "1,2,7";
				XROS_DEPLOYMENT_TARGET = 26.2;
			};
			name = Debug;
		};
		733D43D62FDBCF3A00DD6932 /* Release */ = {
			isa = XCBuildConfiguration;
			buildSettings = {
				ASSETCATALOG_COMPILER_APPICON_NAME = AppIcon;
				ASSETCATALOG_COMPILER_GLOBAL_ACCENT_COLOR_NAME = AccentColor;
				CODE_SIGN_STYLE = Automatic;
				CURRENT_PROJECT_VERSION = 1;
				ENABLE_APP_SANDBOX = YES;
				ENABLE_PREVIEWS = YES;
				ENABLE_USER_SELECTED_FILES = readonly;
				GENERATE_INFOPLIST_FILE = YES;
				"INFOPLIST_KEY_UIApplicationSceneManifest_Generation[sdk=iphoneos*]" = YES;
				"INFOPLIST_KEY_UIApplicationSceneManifest_Generation[sdk=iphonesimulator*]" = YES;
				"INFOPLIST_KEY_UIApplicationSupportsIndirectInputEvents[sdk=iphoneos*]" = YES;
				"INFOPLIST_KEY_UIApplicationSupportsIndirectInputEvents[sdk=iphonesimulator*]" = YES;
				"INFOPLIST_KEY_UILaunchScreen_Generation[sdk=iphoneos*]" = YES;
				"INFOPLIST_KEY_UILaunchScreen_Generation[sdk=iphonesimulator*]" = YES;
				"INFOPLIST_KEY_UIStatusBarStyle[sdk=iphoneos*]" = UIStatusBarStyleDefault;
				"INFOPLIST_KEY_UIStatusBarStyle[sdk=iphonesimulator*]" = UIStatusBarStyleDefault;
				INFOPLIST_KEY_UISupportedInterfaceOrientations_iPad = "UIInterfaceOrientationPortrait UIInterfaceOrientationPortraitUpsideDown UIInterfaceOrientationLandscapeLeft UIInterfaceOrientationLandscapeRight";
				INFOPLIST_KEY_UISupportedInterfaceOrientations_iPhone = "UIInterfaceOrientationPortrait UIInterfaceOrientationLandscapeLeft UIInterfaceOrientationLandscapeRight";
				IPHONEOS_DEPLOYMENT_TARGET = 26.2;
				LD_RUNPATH_SEARCH_PATHS = "@executable_path/Frameworks";
				"LD_RUNPATH_SEARCH_PATHS[sdk=macosx*]" = "@executable_path/../Frameworks";
				MACOSX_DEPLOYMENT_TARGET = 15.7;
				MARKETING_VERSION = 1.0;
				PRODUCT_BUNDLE_IDENTIFIER = com.xconway.XConway;
				PRODUCT_NAME = "$(TARGET_NAME)";
				REGISTER_APP_GROUPS = YES;
				SDKROOT = auto;
				STRING_CATALOG_GENERATE_SYMBOLS = YES;
				SUPPORTED_PLATFORMS = "iphoneos iphonesimulator macosx xros xrsimulator";
				SWIFT_APPROACHABLE_CONCURRENCY = YES;
				SWIFT_DEFAULT_ACTOR_ISOLATION = MainActor;
				SWIFT_EMIT_LOC_STRINGS = YES;
				SWIFT_UPCOMING_FEATURE_MEMBER_IMPORT_VISIBILITY = YES;
				SWIFT_VERSION = 5.0;
				TARGETED_DEVICE_FAMILY = "1,2,7";
				XROS_DEPLOYMENT_TARGET = 26.2;
			};
			name = Release;
		};
		733D43D82FDBCF3A00DD6932 /* Debug */ = {
			isa = XCBuildConfiguration;
			buildSettings = {
				BUNDLE_LOADER = "$(TEST_HOST)";
				CODE_SIGN_STYLE = Automatic;
				CURRENT_PROJECT_VERSION = 1;
				GENERATE_INFOPLIST_FILE = YES;
				IPHONEOS_DEPLOYMENT_TARGET = 26.2;
				MACOSX_DEPLOYMENT_TARGET = 15.7;
				MARKETING_VERSION = 1.0;
				PRODUCT_BUNDLE_IDENTIFIER = com.xconway.XConwayTests;
				PRODUCT_NAME = "$(TARGET_NAME)";
				SDKROOT = auto;
				STRING_CATALOG_GENERATE_SYMBOLS = NO;
				SUPPORTED_PLATFORMS = "iphoneos iphonesimulator macosx xros xrsimulator";
				SWIFT_APPROACHABLE_CONCURRENCY = YES;
				SWIFT_EMIT_LOC_STRINGS = NO;
				SWIFT_UPCOMING_FEATURE_MEMBER_IMPORT_VISIBILITY = YES;
				SWIFT_VERSION = 5.0;
				TARGETED_DEVICE_FAMILY = "1,2,7";
				TEST_HOST = "$(BUILT_PRODUCTS_DIR)/XConway.app/$(BUNDLE_EXECUTABLE_FOLDER_PATH)/XConway";
				XROS_DEPLOYMENT_TARGET = 26.2;
			};
			name = Debug;
		};
		733D43D92FDBCF3A00DD6932 /* Release */ = {
			isa = XCBuildConfiguration;
			buildSettings = {
				BUNDLE_LOADER = "$(TEST_HOST)";
				CODE_SIGN_STYLE = Automatic;
				CURRENT_PROJECT_VERSION = 1;
				GENERATE_INFOPLIST_FILE = YES;
				IPHONEOS_DEPLOYMENT_TARGET = 26.2;
				MACOSX_DEPLOYMENT_TARGET = 15.7;
				MARKETING_VERSION = 1.0;
				PRODUCT_BUNDLE_IDENTIFIER = com.xconway.XConwayTests;
				PRODUCT_NAME = "$(TARGET_NAME)";
				SDKROOT = auto;
				STRING_CATALOG_GENERATE_SYMBOLS = NO;
				SUPPORTED_PLATFORMS = "iphoneos iphonesimulator macosx xros xrsimulator";
				SWIFT_APPROACHABLE_CONCURRENCY = YES;
				SWIFT_EMIT_LOC_STRINGS = NO;
				SWIFT_UPCOMING_FEATURE_MEMBER_IMPORT_VISIBILITY = YES;
				SWIFT_VERSION = 5.0;
				TARGETED_DEVICE_FAMILY = "1,2,7";
				TEST_HOST = "$(BUILT_PRODUCTS_DIR)/XConway.app/$(BUNDLE_EXECUTABLE_FOLDER_PATH)/XConway";
				XROS_DEPLOYMENT_TARGET = 26.2;
			};
			name = Release;
		};
		733D43DB2FDBCF3A00DD6932 /* Debug */ = {
			isa = XCBuildConfiguration;
			buildSettings = {
				CODE_SIGN_STYLE = Automatic;
				CURRENT_PROJECT_VERSION = 1;
				GENERATE_INFOPLIST_FILE = YES;
				IPHONEOS_DEPLOYMENT_TARGET = 26.2;
				MACOSX_DEPLOYMENT_TARGET = 15.7;
				MARKETING_VERSION = 1.0;
				PRODUCT_BUNDLE_IDENTIFIER = com.xconway.XConwayUITests;
				PRODUCT_NAME = "$(TARGET_NAME)";
				SDKROOT = auto;
				STRING_CATALOG_GENERATE_SYMBOLS = NO;
				SUPPORTED_PLATFORMS = "iphoneos iphonesimulator macosx xros xrsimulator";
				SWIFT_APPROACHABLE_CONCURRENCY = YES;
				SWIFT_EMIT_LOC_STRINGS = NO;
				SWIFT_UPCOMING_FEATURE_MEMBER_IMPORT_VISIBILITY = YES;
				SWIFT_VERSION = 5.0;
				TARGETED_DEVICE_FAMILY = "1,2,7";
				TEST_TARGET_NAME = XConway;
				XROS_DEPLOYMENT_TARGET = 26.2;
			};
			name = Debug;
		};
		733D43DC2FDBCF3A00DD6932 /* Release */ = {
			isa = XCBuildConfiguration;
			buildSettings = {
				CODE_SIGN_STYLE = Automatic;
				CURRENT_PROJECT_VERSION = 1;
				GENERATE_INFOPLIST_FILE = YES;
				IPHONEOS_DEPLOYMENT_TARGET = 26.2;
				MACOSX_DEPLOYMENT_TARGET = 15.7;
				MARKETING_VERSION = 1.0;
				PRODUCT_BUNDLE_IDENTIFIER = com.xconway.XConwayUITests;
				PRODUCT_NAME = "$(TARGET_NAME)";
				SDKROOT = auto;
				STRING_CATALOG_GENERATE_SYMBOLS = NO;
				SUPPORTED_PLATFORMS = "iphoneos iphonesimulator macosx xros xrsimulator";
				SWIFT_APPROACHABLE_CONCURRENCY = YES;
				SWIFT_EMIT_LOC_STRINGS = NO;
				SWIFT_UPCOMING_FEATURE_MEMBER_IMPORT_VISIBILITY = YES;
				SWIFT_VERSION = 5.0;
				TARGETED_DEVICE_FAMILY = "1,2,7";
				TEST_TARGET_NAME = XConway;
				XROS_DEPLOYMENT_TARGET = 26.2;
			};
			name = Release;
		};
/* End XCBuildConfiguration section */

/* Begin XCConfigurationList section */
		733D43AC2FDBCF3900DD6932 /* Build configuration list for PBXProject "XConway" */ = {
			isa = XCConfigurationList;
			buildConfigurations = (
				733D43D22FDBCF3A00DD6932 /* Debug */,
				733D43D32FDBCF3A00DD6932 /* Release */,
			);
			defaultConfigurationIsVisible = 0;
			defaultConfigurationName = Release;
		};
		733D43D42FDBCF3A00DD6932 /* Build configuration list for PBXNativeTarget "XConway" */ = {
			isa = XCConfigurationList;
			buildConfigurations = (
				733D43D52FDBCF3A00DD6932 /* Debug */,
				733D43D62FDBCF3A00DD6932 /* Release */,
			);
			defaultConfigurationIsVisible = 0;
			defaultConfigurationName = Release;
		};
		733D43D72FDBCF3A00DD6932 /* Build configuration list for PBXNativeTarget "XConwayTests" */ = {
			isa = XCConfigurationList;
			buildConfigurations = (
				733D43D82FDBCF3A00DD6932 /* Debug */,
				733D43D92FDBCF3A00DD6932 /* Release */,
			);
			defaultConfigurationIsVisible = 0;
			defaultConfigurationName = Release;
		};
		733D43DA2FDBCF3A00DD6932 /* Build configuration list for PBXNativeTarget "XConwayUITests" */ = {
			isa = XCConfigurationList;
			buildConfigurations = (
				733D43DB2FDBCF3A00DD6932 /* Debug */,
				733D43DC2FDBCF3A00DD6932 /* Release */,
			);
			defaultConfigurationIsVisible = 0;
			defaultConfigurationName = Release;
		};
/* End XCConfigurationList section */

/* Begin XCLocalSwiftPackageReference section */
		733D44442FDCC9B200DD6932 /* XCLocalSwiftPackageReference "../../../swift-xstate" */ = {
			isa = XCLocalSwiftPackageReference;
			relativePath = "../../../swift-xstate";
		};
/* End XCLocalSwiftPackageReference section */

/* Begin XCSwiftPackageProductDependency section */
		733D43EA2FDBCFB100DD6932 /* SwiftXState */ = {
			isa = XCSwiftPackageProductDependency;
			productName = SwiftXState;
		};
		733D43EE2FDBCFB100DD6932 /* SwiftXStateInspect */ = {
			isa = XCSwiftPackageProductDependency;
			productName = SwiftXStateInspect;
		};
		733D43F22FDBCFB100DD6932 /* SwiftXStateSwiftData */ = {
			isa = XCSwiftPackageProductDependency;
			productName = SwiftXStateSwiftData;
		};
		733D43F42FDBCFB100DD6932 /* SwiftXStateSwiftUI */ = {
			isa = XCSwiftPackageProductDependency;
			productName = SwiftXStateSwiftUI;
		};
		733D44452FDCC9B200DD6932 /* SwiftXState */ = {
			isa = XCSwiftPackageProductDependency;
			productName = SwiftXState;
		};
		733D44472FDCC9B200DD6932 /* SwiftXStateInspect */ = {
			isa = XCSwiftPackageProductDependency;
			productName = SwiftXStateInspect;
		};
		733D44492FDCC9B200DD6932 /* SwiftXStateSwiftData */ = {
			isa = XCSwiftPackageProductDependency;
			productName = SwiftXStateSwiftData;
		};
		733D444B2FDCC9B200DD6932 /* SwiftXStateSwiftUI */ = {
			isa = XCSwiftPackageProductDependency;
			productName = SwiftXStateSwiftUI;
		};
/* End XCSwiftPackageProductDependency section */
	};
	rootObject = 733D43A92FDBCF3900DD6932 /* Project object */;
}
