{
  "originHash" : "1725d421995fba68ec1a84d63ce96e59d9752a065813447a4123053d6423dccf",
  "pins" : [
    {
      "identity" : "chesskit-swift",
      "kind" : "remoteSourceControl",
      "location" : "https://github.com/chesskit-app/chesskit-swift",
      "state" : {
        "revision" : "44ef7a1aa9da25bf0a9606a8960591a4dde3fad2",
        "version" : "0.17.0"
      }
    },
    {
      "identity" : "swiftxstate",
      "kind" : "remoteSourceControl",
      "location" : "https://github.com/gistya/SwiftXState.git",
      "state" : {
        "revision" : "99cdfc6e6e406d21fed5793ca0d6f58089b1939c",
        "version" : "1.0.0"
      }
    }
  ],
  "version" : 3
}
