{
  "originHash" : "ed93d167d35183c1bee25e1b898d3eac2001470bca2c692be3cdf40127912469",
  "pins" : [
    {
      "identity" : "chesskit-swift",
      "kind" : "remoteSourceControl",
      "location" : "https://github.com/chesskit-app/chesskit-swift",
      "state" : {
        "revision" : "44ef7a1aa9da25bf0a9606a8960591a4dde3fad2",
        "version" : "0.17.0"
      }
    },
    {
      "identity" : "friday-the-thirteenth",
      "kind" : "remoteSourceControl",
      "location" : "https://github.com/gistya/friday-the-thirteenth",
      "state" : {
        "revision" : "be87de47919c3e6591e3f681812a411f30f870da",
        "version" : "2.0.0"
      }
    },
    {
      "identity" : "swift-compositional-init",
      "kind" : "remoteSourceControl",
      "location" : "https://github.com/gistya/swift-compositional-init",
      "state" : {
        "revision" : "af4835e941fe00409ea076e4f49c9fe7e800a9e8",
        "version" : "1.2.0"
      }
    },
    {
      "identity" : "swiftxstate",
      "kind" : "remoteSourceControl",
      "location" : "https://github.com/gistya/SwiftXState",
      "state" : {
        "revision" : "b7d9a4600a0a01f25ef100b76284fd9e74626c83",
        "version" : "2.0.0-alpha.11"
      }
    }
  ],
  "version" : 3
}
